{
    "hash": "914ac486adca06ad37ddf41b81177a63",
    "packages": [
        {
            "name": "documentcloud/backbone",
            "version": "master",
            "source": {
                "type": "git",
                "url": "https://github.com/documentcloud/backbone",
                "reference": "master"
            },
            "type": "library",
            "installation-source": "source",
            "time": "1347907619"
        },
        {
            "name": "fate/silex-extensions",
            "version": "dev-master",
            "source": {
                "type": "git",
                "url": "https://github.com/fate/Silex-Extensions",
                "reference": "686eca24e1e09b05fd9b75447678bb0eca795d24"
            },
            "dist": {
                "type": "zip",
                "url": "https://github.com/fate/Silex-Extensions/zipball/686eca24e1e09b05fd9b75447678bb0eca795d24",
                "reference": "686eca24e1e09b05fd9b75447678bb0eca795d24",
                "shasum": ""
            },
            "require": {
                "php": ">=5.3.0"
            },
            "suggest": {
                "kriswallsmith/assetic": ">=1.0",
                "twig/twig": ">=1.2.0",
                "doctrine/mongodb": "*",
                "predis/predis": "*",
                "mandango/mandango": "*",
                "knplabs/knp-markdown-bundle": "*",
                "embedly/embedly-php": "*",
                "fate/gravatar-php": "*",
                "symfony/finder": "2.1.*"
            },
            "time": "1344586528",
            "type": "library",
            "installation-source": "source",
            "autoload": {
                "psr-0": {
                    "SilexExtension": "src"
                }
            }
        },
        {
            "name": "monolog/monolog",
            "version": "dev-master",
            "source": {
                "type": "git",
                "url": "https://github.com/Seldaek/monolog",
                "reference": "0f3dc95c4a0ed7d17bec237d07af3da6c0c1071a"
            },
            "dist": {
                "type": "zip",
                "url": "https://github.com/Seldaek/monolog/zipball/0f3dc95c4a0ed7d17bec237d07af3da6c0c1071a",
                "reference": "0f3dc95c4a0ed7d17bec237d07af3da6c0c1071a",
                "shasum": ""
            },
            "require": {
                "php": ">=5.3.0"
            },
            "require-dev": {
                "mlehner/gelf-php": "1.0.*"
            },
            "suggest": {
                "mlehner/gelf-php": "Allow sending log messages to a GrayLog2 server",
                "ext-amqp": "Allow sending log messages to an AMQP server (1.0+ required)",
                "ext-mongo": "Allow sending log messages to a MongoDB server"
            },
            "time": "1347363321",
            "type": "library",
            "extra": {
                "branch-alias": {
                    "dev-master": "1.3.x-dev"
                }
            },
            "installation-source": "source",
            "autoload": {
                "psr-0": {
                    "Monolog": "src/"
                }
            }
        },
        {
            "name": "pimple/pimple",
            "version": "dev-master",
            "source": {
                "type": "git",
                "url": "git://github.com/fabpot/Pimple.git",
                "reference": "b9f27b8dc18c08f00627dec02359b46a24791dc3"
            },
            "dist": {
                "type": "zip",
                "url": "https://github.com/fabpot/Pimple/zipball/b9f27b8dc18c08f00627dec02359b46a24791dc3",
                "reference": "b9f27b8dc18c08f00627dec02359b46a24791dc3",
                "shasum": ""
            },
            "require": {
                "php": ">=5.3.0"
            },
            "time": "1347278988",
            "type": "library",
            "extra": {
                "branch-alias": {
                    "dev-master": "1.0.x-dev"
                }
            },
            "installation-source": "source",
            "autoload": {
                "psr-0": {
                    "Pimple": "lib/"
                }
            }
        },
        {
            "name": "silex/silex",
            "version": "dev-master",
            "source": {
                "type": "git",
                "url": "git://github.com/fabpot/Silex.git",
                "reference": "97e418fcb0df2dd570732b208ce03e40e3dd2e0b"
            },
            "dist": {
                "type": "zip",
                "url": "https://github.com/fabpot/Silex/zipball/97e418fcb0df2dd570732b208ce03e40e3dd2e0b",
                "reference": "97e418fcb0df2dd570732b208ce03e40e3dd2e0b",
                "shasum": ""
            },
            "require": {
                "symfony/event-dispatcher": "2.1.*",
                "symfony/http-foundation": "2.1.*",
                "symfony/http-kernel": "2.1.*",
                "symfony/routing": "2.1.*",
                "php": ">=5.3.3",
                "pimple/pimple": "1.*"
            },
            "require-dev": {
                "symfony/form": "2.1.*",
                "symfony/translation": "2.1.*",
                "symfony/twig-bridge": "2.1.*",
                "symfony/validator": "2.1.*",
                "symfony/monolog-bridge": "2.1.*",
                "symfony/browser-kit": "2.1.*",
                "symfony/css-selector": "2.1.*",
                "symfony/finder": "2.1.*",
                "symfony/process": "2.1.*",
                "symfony/security": "2.1.*",
                "monolog/monolog": ">=1.0.0,<1.2-dev",
                "symfony/config": "2.1.*",
                "symfony/locale": "2.1.*",
                "twig/twig": ">=1.8.0,<2.0-dev",
                "swiftmailer/swiftmailer": "4.2.*",
                "doctrine/dbal": "2.2.*"
            },
            "suggest": {
                "symfony/browser-kit": "2.1.*",
                "symfony/css-selector": "2.1.*",
                "symfony/dom-crawler": "2.1.*"
            },
            "time": "1347738639",
            "type": "library",
            "extra": {
                "branch-alias": {
                    "dev-master": "1.0-dev"
                }
            },
            "installation-source": "source",
            "autoload": {
                "psr-0": {
                    "Silex": "src/"
                }
            }
        },
        {
            "name": "symfony/class-loader",
            "version": "dev-master",
            "target-dir": "Symfony/Component/ClassLoader",
            "source": {
                "type": "git",
                "url": "https://github.com/symfony/ClassLoader",
                "reference": "10a8db6444fe290943cd59ae79d40dc1dd640ccf"
            },
            "dist": {
                "type": "zip",
                "url": "https://github.com/symfony/ClassLoader/zipball/10a8db6444fe290943cd59ae79d40dc1dd640ccf",
                "reference": "10a8db6444fe290943cd59ae79d40dc1dd640ccf",
                "shasum": ""
            },
            "require": {
                "php": ">=5.3.3"
            },
            "require-dev": {
                "symfony/finder": "2.2.*"
            },
            "time": "1346957130",
            "type": "library",
            "extra": {
                "branch-alias": {
                    "dev-master": "2.2-dev"
                }
            },
            "installation-source": "source",
            "autoload": {
                "psr-0": {
                    "Symfony\\Component\\ClassLoader": ""
                }
            }
        },
        {
            "name": "symfony/config",
            "version": "dev-master",
            "target-dir": "Symfony/Component/Config",
            "source": {
                "type": "git",
                "url": "https://github.com/symfony/Config",
                "reference": "98939ab266bf2fcb360c3ed0b2defd5636023632"
            },
            "dist": {
                "type": "zip",
                "url": "https://github.com/symfony/Config/zipball/98939ab266bf2fcb360c3ed0b2defd5636023632",
                "reference": "98939ab266bf2fcb360c3ed0b2defd5636023632",
                "shasum": ""
            },
            "require": {
                "php": ">=5.3.3"
            },
            "time": "1347756600",
            "type": "library",
            "extra": {
                "branch-alias": {
                    "dev-master": "2.2-dev"
                }
            },
            "installation-source": "source",
            "autoload": {
                "psr-0": {
                    "Symfony\\Component\\Config": ""
                }
            }
        },
        {
            "name": "symfony/event-dispatcher",
            "version": "2.1.x-dev",
            "target-dir": "Symfony/Component/EventDispatcher",
            "source": {
                "type": "git",
                "url": "https://github.com/symfony/EventDispatcher",
                "reference": "v2.1.1"
            },
            "dist": {
                "type": "zip",
                "url": "https://github.com/symfony/EventDispatcher/zipball/v2.1.1",
                "reference": "v2.1.1",
                "shasum": ""
            },
            "require": {
                "php": ">=5.3.3"
            },
            "require-dev": {
                "symfony/dependency-injection": "2.1.*"
            },
            "suggest": {
                "symfony/dependency-injection": "2.1.*",
                "symfony/http-kernel": "2.1.*"
            },
            "time": "1347274422",
            "type": "library",
            "extra": {
                "branch-alias": {
                    "dev-master": "2.1-dev"
                }
            },
            "installation-source": "source",
            "autoload": {
                "psr-0": {
                    "Symfony\\Component\\EventDispatcher": ""
                }
            }
        },
        {
            "name": "symfony/finder",
            "version": "dev-master",
            "target-dir": "Symfony/Component/Finder",
            "source": {
                "type": "git",
                "url": "https://github.com/symfony/Finder",
                "reference": "d282fd0073cfb98cd27c65b9e1e4a9372440f77a"
            },
            "dist": {
                "type": "zip",
                "url": "https://github.com/symfony/Finder/zipball/d282fd0073cfb98cd27c65b9e1e4a9372440f77a",
                "reference": "d282fd0073cfb98cd27c65b9e1e4a9372440f77a",
                "shasum": ""
            },
            "require": {
                "php": ">=5.3.3"
            },
            "time": "1346957130",
            "type": "library",
            "extra": {
                "branch-alias": {
                    "dev-master": "2.2-dev"
                }
            },
            "installation-source": "source",
            "autoload": {
                "psr-0": {
                    "Symfony\\Component\\Finder": ""
                }
            }
        },
        {
            "name": "symfony/form",
            "version": "2.1.x-dev",
            "target-dir": "Symfony/Component/Form",
            "source": {
                "type": "git",
                "url": "https://github.com/symfony/Form",
                "reference": "v2.1.1"
            },
            "dist": {
                "type": "zip",
                "url": "https://github.com/symfony/Form/zipball/v2.1.1",
                "reference": "v2.1.1",
                "shasum": ""
            },
            "require": {
                "php": ">=5.3.3",
                "symfony/event-dispatcher": "2.1.*",
                "symfony/locale": "2.1.*",
                "symfony/options-resolver": "2.1.*"
            },
            "require-dev": {
                "symfony/validator": "2.1.*",
                "symfony/http-foundation": "2.1.*"
            },
            "suggest": {
                "symfony/validator": "2.1.*",
                "symfony/http-foundation": "2.1.*"
            },
            "time": "1347274422",
            "type": "library",
            "extra": {
                "branch-alias": {
                    "dev-master": "2.1-dev"
                }
            },
            "installation-source": "source",
            "autoload": {
                "psr-0": {
                    "Symfony\\Component\\Form": ""
                }
            }
        },
        {
            "name": "symfony/http-foundation",
            "version": "2.1.x-dev",
            "target-dir": "Symfony/Component/HttpFoundation",
            "source": {
                "type": "git",
                "url": "https://github.com/symfony/HttpFoundation",
                "reference": "v2.1.1"
            },
            "dist": {
                "type": "zip",
                "url": "https://github.com/symfony/HttpFoundation/zipball/v2.1.1",
                "reference": "v2.1.1",
                "shasum": ""
            },
            "require": {
                "php": ">=5.3.3"
            },
            "time": "1346761482",
            "type": "library",
            "extra": {
                "branch-alias": {
                    "dev-master": "2.1-dev"
                }
            },
            "installation-source": "source",
            "autoload": {
                "psr-0": {
                    "Symfony\\Component\\HttpFoundation": "",
                    "SessionHandlerInterface": "Symfony/Component/HttpFoundation/Resources/stubs"
                }
            }
        },
        {
            "name": "symfony/http-kernel",
            "version": "2.1.x-dev",
            "target-dir": "Symfony/Component/HttpKernel",
            "source": {
                "type": "git",
                "url": "https://github.com/symfony/HttpKernel",
                "reference": "52820d9f3b80e3b8d31aba53bb792ec25894e092"
            },
            "dist": {
                "type": "zip",
                "url": "https://github.com/symfony/HttpKernel/zipball/52820d9f3b80e3b8d31aba53bb792ec25894e092",
                "reference": "52820d9f3b80e3b8d31aba53bb792ec25894e092",
                "shasum": ""
            },
            "require": {
                "php": ">=5.3.3",
                "symfony/event-dispatcher": "2.1.*",
                "symfony/http-foundation": "2.1.*"
            },
            "require-dev": {
                "symfony/browser-kit": "2.1.*",
                "symfony/class-loader": "2.1.*",
                "symfony/config": "2.1.*",
                "symfony/console": "2.1.*",
                "symfony/dependency-injection": "2.1.*",
                "symfony/finder": "2.1.*",
                "symfony/process": "2.1.*",
                "symfony/routing": "2.1.*"
            },
            "suggest": {
                "symfony/browser-kit": "2.1.*",
                "symfony/class-loader": "2.1.*",
                "symfony/config": "2.1.*",
                "symfony/console": "2.1.*",
                "symfony/dependency-injection": "2.1.*",
                "symfony/finder": "2.1.*"
            },
            "time": "1347914517",
            "type": "library",
            "extra": {
                "branch-alias": {
                    "dev-master": "2.1-dev"
                }
            },
            "installation-source": "source",
            "autoload": {
                "psr-0": {
                    "Symfony\\Component\\HttpKernel": ""
                }
            }
        },
        {
            "name": "symfony/locale",
            "version": "2.1.x-dev",
            "target-dir": "Symfony/Component/Locale",
            "source": {
                "type": "git",
                "url": "https://github.com/symfony/Locale",
                "reference": "v2.1.0-RC2"
            },
            "dist": {
                "type": "zip",
                "url": "https://github.com/symfony/Locale/zipball/v2.1.0-RC2",
                "reference": "v2.1.0-RC2",
                "shasum": ""
            },
            "require": {
                "php": ">=5.3.3"
            },
            "suggest": {
                "ext-intl": ">=5.3.3"
            },
            "time": "1345643321",
            "type": "library",
            "extra": {
                "branch-alias": {
                    "dev-master": "2.1-dev"
                }
            },
            "installation-source": "source",
            "autoload": {
                "psr-0": {
                    "Symfony\\Component\\Locale": ""
                }
            }
        },
        {
            "name": "symfony/monolog-bridge",
            "version": "2.1.x-dev",
            "target-dir": "Symfony/Bridge/Monolog",
            "source": {
                "type": "git",
                "url": "https://github.com/symfony/MonologBridge",
                "reference": "v2.1.1"
            },
            "dist": {
                "type": "zip",
                "url": "https://github.com/symfony/MonologBridge/zipball/v2.1.1",
                "reference": "v2.1.1",
                "shasum": ""
            },
            "require": {
                "php": ">=5.3.3",
                "monolog/monolog": "1.*",
                "symfony/http-kernel": "2.1.*"
            },
            "time": "1347274422",
            "type": "symfony-bridge",
            "extra": {
                "branch-alias": {
                    "dev-master": "2.1-dev"
                }
            },
            "installation-source": "source",
            "autoload": {
                "psr-0": {
                    "Symfony\\Bridge\\Monolog": ""
                }
            },
            "license": [
                "MIT"
            ],
            "authors": [
                {
                    "name": "Fabien Potencier",
                    "email": "fabien@symfony.com"
                },
                {
                    "name": "Symfony Community",
                    "homepage": "http://symfony.com/contributors"
                }
            ],
            "description": "Symfony Monolog Bridge",
            "homepage": "http://symfony.com"
        },
        {
            "name": "symfony/options-resolver",
            "version": "2.1.x-dev",
            "target-dir": "Symfony/Component/OptionsResolver",
            "source": {
                "type": "git",
                "url": "https://github.com/symfony/OptionsResolver",
                "reference": "v2.1.0-RC2"
            },
            "dist": {
                "type": "zip",
                "url": "https://github.com/symfony/OptionsResolver/zipball/v2.1.0-RC2",
                "reference": "v2.1.0-RC2",
                "shasum": ""
            },
            "require": {
                "php": ">=5.3.3"
            },
            "time": "1345643321",
            "type": "library",
            "extra": {
                "branch-alias": {
                    "dev-master": "2.1-dev"
                }
            },
            "installation-source": "source",
            "autoload": {
                "psr-0": {
                    "Symfony\\Component\\OptionsResolver": ""
                }
            }
        },
        {
            "name": "symfony/routing",
            "version": "2.1.x-dev",
            "target-dir": "Symfony/Component/Routing",
            "source": {
                "type": "git",
                "url": "https://github.com/symfony/Routing",
                "reference": "v2.1.1"
            },
            "dist": {
                "type": "zip",
                "url": "https://github.com/symfony/Routing/zipball/v2.1.1",
                "reference": "v2.1.1",
                "shasum": ""
            },
            "require": {
                "php": ">=5.3.3"
            },
            "require-dev": {
                "symfony/config": "2.1.*",
                "symfony/yaml": "2.1.*",
                "symfony/http-kernel": "2.1.*",
                "doctrine/common": ">=2.2,<2.4-dev"
            },
            "suggest": {
                "doctrine/common": ">=2.2,<2.4-dev",
                "symfony/config": "2.1.*",
                "symfony/yaml": "2.1.*"
            },
            "time": "1347274422",
            "type": "library",
            "extra": {
                "branch-alias": {
                    "dev-master": "2.1-dev"
                }
            },
            "installation-source": "source",
            "autoload": {
                "psr-0": {
                    "Symfony\\Component\\Routing": ""
                }
            }
        },
        {
            "name": "symfony/security",
            "version": "2.1.x-dev",
            "target-dir": "Symfony/Component/Security",
            "source": {
                "type": "git",
                "url": "https://github.com/symfony/Security",
                "reference": "v2.1.1"
            },
            "dist": {
                "type": "zip",
                "url": "https://github.com/symfony/Security/zipball/v2.1.1",
                "reference": "v2.1.1",
                "shasum": ""
            },
            "require": {
                "php": ">=5.3.3",
                "symfony/event-dispatcher": "2.1.*",
                "symfony/http-foundation": "2.1.*",
                "symfony/http-kernel": "2.1.*"
            },
            "require-dev": {
                "symfony/form": "2.1.*",
                "symfony/routing": "2.1.*",
                "symfony/validator": "2.1.*",
                "doctrine/common": ">=2.2,<2.4-dev",
                "doctrine/dbal": ">=2.2,<2.4-dev"
            },
            "suggest": {
                "doctrine/dbal": "to use the built-in ACL implementation",
                "symfony/class-loader": "2.1.*",
                "symfony/finder": "2.1.*",
                "symfony/form": "2.1.*",
                "symfony/validator": "2.1.*",
                "symfony/routing": "2.1.*"
            },
            "time": "1347274422",
            "type": "library",
            "extra": {
                "branch-alias": {
                    "dev-master": "2.1-dev"
                }
            },
            "installation-source": "source",
            "autoload": {
                "psr-0": {
                    "Symfony\\Component\\Security": ""
                }
            }
        },
        {
            "name": "symfony/translation",
            "version": "dev-master",
            "target-dir": "Symfony/Component/Translation",
            "source": {
                "type": "git",
                "url": "https://github.com/symfony/Translation",
                "reference": "d0aa603d72fa16836e35ed671c7afbd51aaad252"
            },
            "dist": {
                "type": "zip",
                "url": "https://github.com/symfony/Translation/zipball/d0aa603d72fa16836e35ed671c7afbd51aaad252",
                "reference": "d0aa603d72fa16836e35ed671c7afbd51aaad252",
                "shasum": ""
            },
            "require": {
                "php": ">=5.3.3"
            },
            "require-dev": {
                "symfony/config": "2.2.*",
                "symfony/yaml": "2.2.*"
            },
            "suggest": {
                "symfony/config": "2.2.*",
                "symfony/yaml": "2.2.*"
            },
            "time": "1347274777",
            "type": "library",
            "extra": {
                "branch-alias": {
                    "dev-master": "2.2-dev"
                }
            },
            "installation-source": "source",
            "autoload": {
                "psr-0": {
                    "Symfony\\Component\\Translation": ""
                }
            }
        },
        {
            "name": "symfony/twig-bridge",
            "version": "dev-master",
            "target-dir": "Symfony/Bridge/Twig",
            "source": {
                "type": "git",
                "url": "https://github.com/symfony/TwigBridge",
                "reference": "546220f277f2597fc516f2268224b9b96b658890"
            },
            "dist": {
                "type": "zip",
                "url": "https://github.com/symfony/TwigBridge/zipball/546220f277f2597fc516f2268224b9b96b658890",
                "reference": "546220f277f2597fc516f2268224b9b96b658890",
                "shasum": ""
            },
            "require": {
                "php": ">=5.3.3",
                "twig/twig": ">=1.9.1,<2.0-dev"
            },
            "require-dev": {
                "symfony/form": "2.2.*",
                "symfony/routing": "2.2.*",
                "symfony/templating": "2.2.*",
                "symfony/translation": "2.2.*",
                "symfony/yaml": "2.2.*",
                "symfony/security": "2.2.*"
            },
            "suggest": {
                "symfony/form": "2.2.*",
                "symfony/routing": "2.2.*",
                "symfony/templating": "2.2.*",
                "symfony/translation": "2.2.*",
                "symfony/yaml": "2.2.*",
                "symfony/security": "2.2.*"
            },
            "time": "1347274777",
            "type": "symfony-bridge",
            "extra": {
                "branch-alias": {
                    "dev-master": "2.2-dev"
                }
            },
            "installation-source": "source",
            "autoload": {
                "psr-0": {
                    "Symfony\\Bridge\\Twig": ""
                }
            }
        },
        {
            "name": "symfony/validator",
            "version": "dev-master",
            "target-dir": "Symfony/Component/Validator",
            "source": {
                "type": "git",
                "url": "https://github.com/symfony/Validator",
                "reference": "c4ccc298bb0c81002c5deb451f6d7b1797115b15"
            },
            "dist": {
                "type": "zip",
                "url": "https://github.com/symfony/Validator/zipball/c4ccc298bb0c81002c5deb451f6d7b1797115b15",
                "reference": "c4ccc298bb0c81002c5deb451f6d7b1797115b15",
                "shasum": ""
            },
            "require": {
                "php": ">=5.3.3"
            },
            "require-dev": {
                "symfony/http-foundation": "2.2.*",
                "symfony/locale": "2.2.*",
                "symfony/yaml": "2.2.*"
            },
            "suggest": {
                "doctrine/common": ">=2.1,<2.4-dev",
                "symfony/http-foundation": "2.2.*",
                "symfony/yaml": "2.2.*"
            },
            "time": "1347914543",
            "type": "library",
            "extra": {
                "branch-alias": {
                    "dev-master": "2.2-dev"
                }
            },
            "installation-source": "source",
            "autoload": {
                "psr-0": {
                    "Symfony\\Component\\Validator": ""
                }
            }
        },
        {
            "name": "twig/twig",
            "version": "dev-master",
            "source": {
                "type": "git",
                "url": "git://github.com/fabpot/Twig.git",
                "reference": "e3e8b422c195f01b1a364126eff98adacfb9ff79"
            },
            "dist": {
                "type": "zip",
                "url": "https://github.com/fabpot/Twig/zipball/e3e8b422c195f01b1a364126eff98adacfb9ff79",
                "reference": "e3e8b422c195f01b1a364126eff98adacfb9ff79",
                "shasum": ""
            },
            "require": {
                "php": ">=5.2.4"
            },
            "time": "1347944686",
            "type": "library",
            "extra": {
                "branch-alias": {
                    "dev-master": "1.10-dev"
                }
            },
            "installation-source": "source",
            "autoload": {
                "psr-0": {
                    "Twig_": "lib/"
                }
            },
            "license": [
                "BSD-3"
            ],
            "authors": [
                {
                    "name": "Fabien Potencier",
                    "email": "fabien@symfony.com"
                },
                {
                    "name": "Armin Ronacher",
                    "email": "armin.ronacher@active-4.com"
                }
            ],
            "description": "Twig, the flexible, fast, and secure template language for PHP",
            "homepage": "http://twig.sensiolabs.org",
            "keywords": [
                "templating"
            ]
        },
        {
            "name": "twitter/bootstrap",
            "version": "2.0.4",
            "dist": {
                "type": "zip",
                "url": "http://twitter.github.com/bootstrap/assets/bootstrap.zip",
                "reference": null,
                "shasum": null
            },
            "type": "library",
            "installation-source": "dist"
        }
    ],
    "packages-dev": null,
    "aliases": [

    ],
    "minimum-stability": "dev",
    "stability-flags": [

    ]
}
